
Microsoft Visual Studio Solution File, Format Version 12.00
# Visual Studio Version 17
VisualStudioVersion = 17.3.32825.248
MinimumVisualStudioVersion = 10.0.40219.1
Project("{FAE04EC0-301F-11D3-BF4B-00C04F79EFBC}") = "part1", "part1\part1.csproj", "{682CB4AC-BE0B-478E-9698-BE5B0080EEE6}"
EndProject
Project("{FAE04EC0-301F-11D3-BF4B-00C04F79EFBC}") = "part2", "part2\part2.csproj", "{880251EF-2A32-44F0-BFAE-4E8EACBEA925}"
EndProject
Project("{FAE04EC0-301F-11D3-BF4B-00C04F79EFBC}") = "part3", "part3\part3.csproj", "{D639AF6A-F836-4884-8DE4-C594420E4626}"
EndProject
Global
	GlobalSection(SolutionConfigurationPlatforms) = preSolution
		Debug|Any CPU = Debug|Any CPU
		Release|Any CPU = Release|Any CPU
	EndGlobalSection
	GlobalSection(ProjectConfigurationPlatforms) = postSolution
		{682CB4AC-BE0B-478E-9698-BE5B0080EEE6}.Debug|Any CPU.ActiveCfg = Debug|Any CPU
		{682CB4AC-BE0B-478E-9698-BE5B0080EEE6}.Debug|Any CPU.Build.0 = Debug|Any CPU
		{682CB4AC-BE0B-478E-9698-BE5B0080EEE6}.Release|Any CPU.ActiveCfg = Release|Any CPU
		{682CB4AC-BE0B-478E-9698-BE5B0080EEE6}.Release|Any CPU.Build.0 = Release|Any CPU
		{880251EF-2A32-44F0-BFAE-4E8EACBEA925}.Debug|Any CPU.ActiveCfg = Debug|Any CPU
		{880251EF-2A32-44F0-BFAE-4E8EACBEA925}.Debug|Any CPU.Build.0 = Debug|Any CPU
		{880251EF-2A32-44F0-BFAE-4E8EACBEA925}.Release|Any CPU.ActiveCfg = Release|Any CPU
		{880251EF-2A32-44F0-BFAE-4E8EACBEA925}.Release|Any CPU.Build.0 = Release|Any CPU
		{D639AF6A-F836-4884-8DE4-C594420E4626}.Debug|Any CPU.ActiveCfg = Debug|Any CPU
		{D639AF6A-F836-4884-8DE4-C594420E4626}.Debug|Any CPU.Build.0 = Debug|Any CPU
		{D639AF6A-F836-4884-8DE4-C594420E4626}.Release|Any CPU.ActiveCfg = Release|Any CPU
		{D639AF6A-F836-4884-8DE4-C594420E4626}.Release|Any CPU.Build.0 = Release|Any CPU
	EndGlobalSection
	GlobalSection(SolutionProperties) = preSolution
		HideSolutionNode = FALSE
	EndGlobalSection
	GlobalSection(ExtensibilityGlobals) = postSolution
		SolutionGuid = {7AD53B13-5317-4295-8D50-59CF3FA136E8}
	EndGlobalSection
EndGlobal
